{
  "name": "mynpm",
  "version": "1.0.0",
  "lockfileVersion": 1,
  "requires": true,
  "dependencies": {
    "@babel/runtime": {
      "version": "7.10.2",
      "resolved": "https://registry.npmjs.org/@babel/runtime/-/runtime-7.10.2.tgz",
      "integrity": "sha512-6sF3uQw2ivImfVIl62RZ7MXhO2tap69WeWK57vAaimT6AZbE4FbqjdEJIN1UqoD6wI6B+1n9UiagafH1sxjOtg==",
      "requires": {
        "regenerator-runtime": "^0.13.4"
      }
    },
    "backbone": {
      "version": "1.3.3",
      "resolved": "https://registry.npmjs.org/backbone/-/backbone-1.3.3.tgz",
      "integrity": "sha1-TMgOp8sWMaxHSInOQPL4vGg7KZk=",
      "requires": {
        "underscore": ">=1.8.3"
      }
    },
    "backbone-undo": {
      "version": "0.2.5",
      "resolved": "https://registry.npmjs.org/backbone-undo/-/backbone-undo-0.2.5.tgz",
      "integrity": "sha1-VbJSMPkDGcpiJGXomoAki4k8LOI=",
      "requires": {
        "backbone": "1.0.0 - 1.2.1",
        "underscore": "1.4.4 - 1.8.3"
      },
      "dependencies": {
        "backbone": {
          "version": "1.2.1",
          "resolved": "https://registry.npmjs.org/backbone/-/backbone-1.2.1.tgz",
          "integrity": "sha1-1yGcXtSeXhMdv/ryXJbW0sw8oD4=",
          "requires": {
            "underscore": ">=1.7.0"
          }
        },
        "underscore": {
          "version": "1.8.3",
          "resolved": "https://registry.npmjs.org/underscore/-/underscore-1.8.3.tgz",
          "integrity": "sha1-Tz+1OxBuYJf8+ctBCfKl6b36UCI="
        }
      }
    },
    "cash-dom": {
      "version": "2.3.9",
      "resolved": "https://registry.npmjs.org/cash-dom/-/cash-dom-2.3.9.tgz",
      "integrity": "sha512-2a4/LSFQPMbLhBYiJ5Z5rEz5Pic8jMVUqkqZ42w01gkopVUnxnaJcvZifcx6QFykJyWDsUWfISt4xRSyjAaK9w=="
    },
    "codemirror": {
      "version": "5.54.0",
      "resolved": "https://registry.npmjs.org/codemirror/-/codemirror-5.54.0.tgz",
      "integrity": "sha512-Pgf3surv4zvw+KaW3doUU7pGjF0BPU8/sj7eglWJjzni46U/DDW8pu3nZY0QgQKUcICDXRkq8jZmq0y6KhxM3Q=="
    },
    "codemirror-formatting": {
      "version": "1.0.0",
      "resolved": "https://registry.npmjs.org/codemirror-formatting/-/codemirror-formatting-1.0.0.tgz",
      "integrity": "sha1-h5zB/dkBg0PB1VEXac5TYNcF6/I="
    },
    "core-util-is": {
      "version": "1.0.2",
      "resolved": "https://registry.npmjs.org/core-util-is/-/core-util-is-1.0.2.tgz",
      "integrity": "sha1-tf1UIgqivFq1eqtxQMlAdUUDwac="
    },
    "file-saver": {
      "version": "1.3.8",
      "resolved": "https://registry.npmjs.org/file-saver/-/file-saver-1.3.8.tgz",
      "integrity": "sha512-spKHSBQIxxS81N/O21WmuXA2F6wppUCsutpzenOeZzOCCJ5gEfcbqJP983IrpLXzYmXnMUa6J03SubcNPdKrlg=="
    },
    "grapesjs": {
      "version": "0.16.12",
      "resolved": "https://registry.npmjs.org/grapesjs/-/grapesjs-0.16.12.tgz",
      "integrity": "sha512-9MqxUfg4dTgQEkFEU9RIVe6LW3o4VZuUQYbgPgEf15HgzSOqcvclJW+CV71hbBzdVlE8hS+3wtqEk1lPvicDBA==",
      "requires": {
        "@babel/runtime": "^7.7.1",
        "backbone": "1.3.3",
        "backbone-undo": "^0.2.5",
        "cash-dom": "^2.3.9",
        "codemirror": "^5.49.2",
        "codemirror-formatting": "^1.0.0",
        "keymaster": "^1.6.2",
        "promise-polyfill": "^8.1.3",
        "spectrum-colorpicker": "^1.8.0",
        "underscore": "^1.9.1"
      }
    },
    "grapesjs-aviary": {
      "version": "0.1.2",
      "resolved": "https://registry.npmjs.org/grapesjs-aviary/-/grapesjs-aviary-0.1.2.tgz",
      "integrity": "sha512-F7sYQWj5s9eyUqoOX6q1z2J06AqgXhQqdjQhM8b5BptxlbDsvDTCbqSRmLGkEQKaIF1ca5o9FFi9eKBeUAfLEw=="
    },
    "grapesjs-blocks-basic": {
      "version": "0.1.8",
      "resolved": "https://registry.npmjs.org/grapesjs-blocks-basic/-/grapesjs-blocks-basic-0.1.8.tgz",
      "integrity": "sha512-Iy5M4qGkEE2llb5ZFxitDolRJ3CrQkcK1SQIjRRlkWIAC99On3T/09iFR7NkpTBfsgfdNwcwnSVOMOhSnVLDtw=="
    },
    "grapesjs-component-countdown": {
      "version": "0.1.3",
      "resolved": "https://registry.npmjs.org/grapesjs-component-countdown/-/grapesjs-component-countdown-0.1.3.tgz",
      "integrity": "sha512-TmxDETedUDv1jGqNLn6E768iyp+xAK/XcTId5WpLrmKPFB6aCuWqfTowhtSvyRJJs83OAFMiQIwIu+tEtSWOeA=="
    },
    "grapesjs-navbar": {
      "version": "0.1.5",
      "resolved": "https://registry.npmjs.org/grapesjs-navbar/-/grapesjs-navbar-0.1.5.tgz",
      "integrity": "sha512-tVKPtzlTUNCpzk3lHW69II2NsSzLNQd3K32CXssWCP3M1V8fvc9jG/MQECBkd/gMS+DjldD4/4b00ri9F3tKSg=="
    },
    "grapesjs-plugin-export": {
      "version": "0.1.5",
      "resolved": "https://registry.npmjs.org/grapesjs-plugin-export/-/grapesjs-plugin-export-0.1.5.tgz",
      "integrity": "sha512-BgvPY68vIDxVv0Z3v1TTikHseMxbfvUvhk5qUHq3a9kFmc2sFfNA6f5NHP9A4v3Tnd4kuwOd2aIn+QNutZrLRg==",
      "requires": {
        "file-saver": "^1.3.2",
        "jszip": "^3.0.0"
      }
    },
    "grapesjs-plugin-filestack": {
      "version": "0.1.1",
      "resolved": "https://registry.npmjs.org/grapesjs-plugin-filestack/-/grapesjs-plugin-filestack-0.1.1.tgz",
      "integrity": "sha512-zRwgHUZd7qDVk92dtizOHxnPiCjBBmsA2BHm0J86tz8uiXf6ou0OoQiB4x4UDewb9ipTkBI6X5nGh/0YET6WLw=="
    },
    "grapesjs-plugin-forms": {
      "version": "0.3.6",
      "resolved": "https://registry.npmjs.org/grapesjs-plugin-forms/-/grapesjs-plugin-forms-0.3.6.tgz",
      "integrity": "sha512-JGIxky3if7FLlXBDuX2T2UoWQnvm55PcNp5P2qoX64zlA0+2npz9zbPcj9g1PUHXVPlTXwTr2qu5x3U/pb+xdw=="
    },
    "grapesjs-preset-webpage": {
      "version": "0.1.11",
      "resolved": "https://registry.npmjs.org/grapesjs-preset-webpage/-/grapesjs-preset-webpage-0.1.11.tgz",
      "integrity": "sha512-36SuSPwu3a09R6YR31Sklmowz/LvzxzGM74WcPd8KPwbs1mAQ4fFuqWKkX/wv8+GhY58Se9EO42yQVMwsZzELA==",
      "requires": {
        "grapesjs-aviary": "^0.1.2",
        "grapesjs-blocks-basic": "^0.1.7",
        "grapesjs-component-countdown": "^0.1.2",
        "grapesjs-navbar": "^0.1.5",
        "grapesjs-plugin-export": "^0.1.5",
        "grapesjs-plugin-filestack": "^0.1.1",
        "grapesjs-plugin-forms": "^0.3.5"
      }
    },
    "grapesjs-style-gradient": {
      "version": "2.0.3",
      "resolved": "https://registry.npmjs.org/grapesjs-style-gradient/-/grapesjs-style-gradient-2.0.3.tgz",
      "integrity": "sha512-mk7TOaaOloJN58q/PcCHONSbvD4Q5dd4u6kJUKG9kK4hVdlYWIAUCONDmPT2O+RJIGd3jKsfwTuarR+8LmmVnQ==",
      "requires": {
        "grapick": "^0.1.9"
      }
    },
    "grapesjs-swiper-slider": {
      "version": "0.0.5",
      "resolved": "https://registry.npmjs.org/grapesjs-swiper-slider/-/grapesjs-swiper-slider-0.0.5.tgz",
      "integrity": "sha512-ESCqkASVvuKafn/r/AR9PmRC6HN5fjQpULiGTav1EuWeat2J/5ZLNjsXG/f6N5GHplKTvqZPSDLQYwcIaW5nRA=="
    },
    "grapick": {
      "version": "0.1.9",
      "resolved": "https://registry.npmjs.org/grapick/-/grapick-0.1.9.tgz",
      "integrity": "sha512-0KCVBwPY7jm0o2SK5ZMQyJdDRfDPluEaygoIrZ1UwfUA2lRkJChtZ+VQYAc1+p3wDM4N452Rv+M+uYivyJddww=="
    },
    "immediate": {
      "version": "3.0.6",
      "resolved": "https://registry.npmjs.org/immediate/-/immediate-3.0.6.tgz",
      "integrity": "sha1-nbHb0Pr43m++D13V5Wu2BigN5ps="
    },
    "inherits": {
      "version": "2.0.4",
      "resolved": "https://registry.npmjs.org/inherits/-/inherits-2.0.4.tgz",
      "integrity": "sha512-k/vGaX4/Yla3WzyMCvTQOXYeIHvqOKtnqBduzTHpzpQZzAskKMhZ2K+EnBiSM9zGSoIFeMpXKxa4dYeZIQqewQ=="
    },
    "isarray": {
      "version": "1.0.0",
      "resolved": "https://registry.npmjs.org/isarray/-/isarray-1.0.0.tgz",
      "integrity": "sha1-u5NdSFgsuhaMBoNJV6VKPgcSTxE="
    },
    "jszip": {
      "version": "3.4.0",
      "resolved": "https://registry.npmjs.org/jszip/-/jszip-3.4.0.tgz",
      "integrity": "sha512-gZAOYuPl4EhPTXT0GjhI3o+ZAz3su6EhLrKUoAivcKqyqC7laS5JEv4XWZND9BgcDcF83vI85yGbDmDR6UhrIg==",
      "requires": {
        "lie": "~3.3.0",
        "pako": "~1.0.2",
        "readable-stream": "~2.3.6",
        "set-immediate-shim": "~1.0.1"
      }
    },
    "keymaster": {
      "version": "1.6.2",
      "resolved": "https://registry.npmjs.org/keymaster/-/keymaster-1.6.2.tgz",
      "integrity": "sha1-4a5U0OqUiPn2C2a2aPAumhlGxus="
    },
    "lie": {
      "version": "3.3.0",
      "resolved": "https://registry.npmjs.org/lie/-/lie-3.3.0.tgz",
      "integrity": "sha512-UaiMJzeWRlEujzAuw5LokY1L5ecNQYZKfmyZ9L7wDHb/p5etKaxXhohBcrw0EYby+G/NA52vRSN4N39dxHAIwQ==",
      "requires": {
        "immediate": "~3.0.5"
      }
    },
    "pako": {
      "version": "1.0.11",
      "resolved": "https://registry.npmjs.org/pako/-/pako-1.0.11.tgz",
      "integrity": "sha512-4hLB8Py4zZce5s4yd9XzopqwVv/yGNhV1Bl8NTmCq1763HeK2+EwVTv+leGeL13Dnh2wfbqowVPXCIO0z4taYw=="
    },
    "process-nextick-args": {
      "version": "2.0.1",
      "resolved": "https://registry.npmjs.org/process-nextick-args/-/process-nextick-args-2.0.1.tgz",
      "integrity": "sha512-3ouUOpQhtgrbOa17J7+uxOTpITYWaGP7/AhoR3+A+/1e9skrzelGi/dXzEYyvbxubEF6Wn2ypscTKiKJFFn1ag=="
    },
    "promise-polyfill": {
      "version": "8.1.3",
      "resolved": "https://registry.npmjs.org/promise-polyfill/-/promise-polyfill-8.1.3.tgz",
      "integrity": "sha512-MG5r82wBzh7pSKDRa9y+vllNHz3e3d4CNj1PQE4BQYxLme0gKYYBm9YENq+UkEikyZ0XbiGWxYlVw3Rl9O/U8g=="
    },
    "readable-stream": {
      "version": "2.3.7",
      "resolved": "https://registry.npmjs.org/readable-stream/-/readable-stream-2.3.7.tgz",
      "integrity": "sha512-Ebho8K4jIbHAxnuxi7o42OrZgF/ZTNcsZj6nRKyUmkhLFq8CHItp/fy6hQZuZmP/n3yZ9VBUbp4zz/mX8hmYPw==",
      "requires": {
        "core-util-is": "~1.0.0",
        "inherits": "~2.0.3",
        "isarray": "~1.0.0",
        "process-nextick-args": "~2.0.0",
        "safe-buffer": "~5.1.1",
        "string_decoder": "~1.1.1",
        "util-deprecate": "~1.0.1"
      }
    },
    "regenerator-runtime": {
      "version": "0.13.5",
      "resolved": "https://registry.npmjs.org/regenerator-runtime/-/regenerator-runtime-0.13.5.tgz",
      "integrity": "sha512-ZS5w8CpKFinUzOwW3c83oPeVXoNsrLsaCoLtJvAClH135j/R77RuymhiSErhm2lKcwSCIpmvIWSbDkIfAqKQlA=="
    },
    "safe-buffer": {
      "version": "5.1.2",
      "resolved": "https://registry.npmjs.org/safe-buffer/-/safe-buffer-5.1.2.tgz",
      "integrity": "sha512-Gd2UZBJDkXlY7GbJxfsE8/nvKkUEU1G38c1siN6QP6a9PT9MmHB8GnpscSmMJSoF8LOIrt8ud/wPtojys4G6+g=="
    },
    "set-immediate-shim": {
      "version": "1.0.1",
      "resolved": "https://registry.npmjs.org/set-immediate-shim/-/set-immediate-shim-1.0.1.tgz",
      "integrity": "sha1-SysbJ+uAip+NzEgaWOXlb1mfP2E="
    },
    "spectrum-colorpicker": {
      "version": "1.8.1",
      "resolved": "https://registry.npmjs.org/spectrum-colorpicker/-/spectrum-colorpicker-1.8.1.tgz",
      "integrity": "sha512-x1picQ5giVso71ESII7jZ3+ZFdit8WthNkzwJqLNdPDPzrltKUQGpTohWyPfSAID+bK1zGdO6bDbSh1S6GoLYA=="
    },
    "string_decoder": {
      "version": "1.1.1",
      "resolved": "https://registry.npmjs.org/string_decoder/-/string_decoder-1.1.1.tgz",
      "integrity": "sha512-n/ShnvDi6FHbbVfviro+WojiFzv+s8MPMHBczVePfUpDJLwoLT0ht1l4YwBCbi8pJAveEEdnkHyPyTP/mzRfwg==",
      "requires": {
        "safe-buffer": "~5.1.0"
      }
    },
    "underscore": {
      "version": "1.10.2",
      "resolved": "https://registry.npmjs.org/underscore/-/underscore-1.10.2.tgz",
      "integrity": "sha512-N4P+Q/BuyuEKFJ43B9gYuOj4TQUHXX+j2FqguVOpjkssLUUrnJofCcBccJSCoeturDoZU6GorDTHSvUDlSQbTg=="
    },
    "util-deprecate": {
      "version": "1.0.2",
      "resolved": "https://registry.npmjs.org/util-deprecate/-/util-deprecate-1.0.2.tgz",
      "integrity": "sha1-RQ1Nyfpw3nMnYvvS1KKJgUGaDM8="
    }
  }
}
